
Microsoft Visual Studio Solution File, Format Version 12.00
# Visual Studio Version 17
VisualStudioVersion = 17.0.31912.275
MinimumVisualStudioVersion = 10.0.40219.1
Project("{FAE04EC0-301F-11D3-BF4B-00C04F79EFBC}") = "01-ImplementingDIFactory1", "ImplementingDIFactory\01-ImplementingDIFactory1.csproj", "{DCF387B5-99F3-4079-ADBA-978CD77A6D8A}"
EndProject
Project("{FAE04EC0-301F-11D3-BF4B-00C04F79EFBC}") = "01-ImplementingDIFactory2", "ImplementingDIFactory2\01-ImplementingDIFactory2.csproj", "{292F852E-C96A-476D-A8B8-9ED26457227E}"
EndProject
Project("{FAE04EC0-301F-11D3-BF4B-00C04F79EFBC}") = "02-RegisteringaServicewithMultipleInterfaces1", "RegisteringaServicewithMultipleInterfaces\02-RegisteringaServicewithMultipleInterfaces1.csproj", "{E2E83ED1-C45F-479A-8A9B-11F78384588B}"
EndProject
Project("{FAE04EC0-301F-11D3-BF4B-00C04F79EFBC}") = "02-RegisteringaServicewithMultipleInterfaces2", "RegisteringaServicewithMultipleInterfaces2\02-RegisteringaServicewithMultipleInterfaces2.csproj", "{FD0D86F8-5D20-4E03-9452-470106A12968}"
EndProject
Project("{FAE04EC0-301F-11D3-BF4B-00C04F79EFBC}") = "04-DisposingScopedServicesonDemand1", "DisposingScopedServicesonDemand\04-DisposingScopedServicesonDemand1.csproj", "{CE456648-8280-4628-BA74-94E38D5FDDD3}"
EndProject
Project("{FAE04EC0-301F-11D3-BF4B-00C04F79EFBC}") = "03-MultipleImplementationsOfAnInterface1", "03-MultipleImplementationsOfAnInterface\03-MultipleImplementationsOfAnInterface1.csproj", "{DBDAB4EC-E20D-43A5-8931-A5AE5E511334}"
EndProject
Project("{FAE04EC0-301F-11D3-BF4B-00C04F79EFBC}") = "03-MultipleImplementationsOfAnInterface2", "03-MultipleImplementationsOfAnInterface2\03-MultipleImplementationsOfAnInterface2.csproj", "{83F22603-960B-48B1-ABC3-58CF0F480E71}"
EndProject
Project("{2150E333-8FDC-42A3-9474-1A3956D46DE8}") = "01-ImplementingDIFactory", "01-ImplementingDIFactory", "{BB9B4FF0-9E04-40DE-B600-36E31E9FC56E}"
EndProject
Project("{2150E333-8FDC-42A3-9474-1A3956D46DE8}") = "02-RegisteringaServicewithMultipleInterfaces", "02-RegisteringaServicewithMultipleInterfaces", "{7A6FCD9A-CEA4-4422-9B17-7B003D798421}"
EndProject
Project("{2150E333-8FDC-42A3-9474-1A3956D46DE8}") = "03-MultipleImplementationsOfAnInterface", "03-MultipleImplementationsOfAnInterface", "{F193D903-24B4-407D-8120-0DD1694B54FF}"
EndProject
Project("{2150E333-8FDC-42A3-9474-1A3956D46DE8}") = "04-DisposingScopedServicesonDemand", "04-DisposingScopedServicesonDemand", "{C04CA973-4F34-42A1-B384-2AC162BE4C9F}"
EndProject
Project("{2150E333-8FDC-42A3-9474-1A3956D46DE8}") = "GothasAndTricks", "GothasAndTricks", "{1B10B159-DDA0-4C50-A99C-677EEC117461}"
EndProject
Project("{FAE04EC0-301F-11D3-BF4B-00C04F79EFBC}") = "LifeCyclesOfDepedencyInjection", "LifeCyclesOfDepedencyInjection\LifeCyclesOfDepedencyInjection.csproj", "{BC5A5BCF-CF22-48A9-810F-68FAF9889AE5}"
EndProject
Project("{FAE04EC0-301F-11D3-BF4B-00C04F79EFBC}") = "00-NoNeedForInterface1", "NoNeedForInterface\00-NoNeedForInterface1.csproj", "{5C01FD6C-1FC8-44B0-8FD4-B95A3AB39187}"
EndProject
Project("{2150E333-8FDC-42A3-9474-1A3956D46DE8}") = "00-NoNeedForInterface", "00-NoNeedForInterface", "{B80BEE54-62B0-4AE0-9D2A-FDB5BF9C4D55}"
EndProject
Project("{2150E333-8FDC-42A3-9474-1A3956D46DE8}") = "05-DependencyInjectionContainerAlwaysDisposesObjects", "05-DependencyInjectionContainerAlwaysDisposesObjects", "{B928AF97-18B9-4B4D-B443-BC682C056A41}"
EndProject
Project("{FAE04EC0-301F-11D3-BF4B-00C04F79EFBC}") = "05-DependencyInjectionContainerAlwaysDisposesObjects1", "05-DependencyInjectionContainerAlwaysDisposesObjects1\05-DependencyInjectionContainerAlwaysDisposesObjects1.csproj", "{87B48E59-67DE-4AC0-BE1A-B5ADE14D576A}"
EndProject
Project("{2150E333-8FDC-42A3-9474-1A3956D46DE8}") = "06-AlwaysValidateforCaptiveDependencies", "06-AlwaysValidateforCaptiveDependencies", "{3667C627-8437-4AF3-BF9E-3ED85E151C99}"
EndProject
Project("{FAE04EC0-301F-11D3-BF4B-00C04F79EFBC}") = "06-AlwaysValidateforCaptiveDependencies1", "06-AlwaysValidateforCaptiveDependencies1\06-AlwaysValidateforCaptiveDependencies1.csproj", "{38512048-B676-44C4-9252-386BA6FE77F2}"
EndProject
Project("{2150E333-8FDC-42A3-9474-1A3956D46DE8}") = "07-Decorator", "07-Decorator", "{0C0278CB-7099-45A2-9381-177B491D55B0}"
EndProject
Project("{FAE04EC0-301F-11D3-BF4B-00C04F79EFBC}") = "07-Decorator1", "07-Decorator1\07-Decorator1.csproj", "{34939E3F-3964-49B4-AF86-5EFABB154520}"
EndProject
Project("{FAE04EC0-301F-11D3-BF4B-00C04F79EFBC}") = "07-Decorator2", "07-Decorator2\07-Decorator2.csproj", "{86C91CF0-8223-4B18-A789-CF05D463D968}"
EndProject
Global
	GlobalSection(SolutionConfigurationPlatforms) = preSolution
		Debug|Any CPU = Debug|Any CPU
		Release|Any CPU = Release|Any CPU
	EndGlobalSection
	GlobalSection(ProjectConfigurationPlatforms) = postSolution
		{DCF387B5-99F3-4079-ADBA-978CD77A6D8A}.Debug|Any CPU.ActiveCfg = Debug|Any CPU
		{DCF387B5-99F3-4079-ADBA-978CD77A6D8A}.Debug|Any CPU.Build.0 = Debug|Any CPU
		{DCF387B5-99F3-4079-ADBA-978CD77A6D8A}.Release|Any CPU.ActiveCfg = Release|Any CPU
		{DCF387B5-99F3-4079-ADBA-978CD77A6D8A}.Release|Any CPU.Build.0 = Release|Any CPU
		{292F852E-C96A-476D-A8B8-9ED26457227E}.Debug|Any CPU.ActiveCfg = Debug|Any CPU
		{292F852E-C96A-476D-A8B8-9ED26457227E}.Debug|Any CPU.Build.0 = Debug|Any CPU
		{292F852E-C96A-476D-A8B8-9ED26457227E}.Release|Any CPU.ActiveCfg = Release|Any CPU
		{292F852E-C96A-476D-A8B8-9ED26457227E}.Release|Any CPU.Build.0 = Release|Any CPU
		{E2E83ED1-C45F-479A-8A9B-11F78384588B}.Debug|Any CPU.ActiveCfg = Debug|Any CPU
		{E2E83ED1-C45F-479A-8A9B-11F78384588B}.Debug|Any CPU.Build.0 = Debug|Any CPU
		{E2E83ED1-C45F-479A-8A9B-11F78384588B}.Release|Any CPU.ActiveCfg = Release|Any CPU
		{E2E83ED1-C45F-479A-8A9B-11F78384588B}.Release|Any CPU.Build.0 = Release|Any CPU
		{FD0D86F8-5D20-4E03-9452-470106A12968}.Debug|Any CPU.ActiveCfg = Debug|Any CPU
		{FD0D86F8-5D20-4E03-9452-470106A12968}.Debug|Any CPU.Build.0 = Debug|Any CPU
		{FD0D86F8-5D20-4E03-9452-470106A12968}.Release|Any CPU.ActiveCfg = Release|Any CPU
		{FD0D86F8-5D20-4E03-9452-470106A12968}.Release|Any CPU.Build.0 = Release|Any CPU
		{CE456648-8280-4628-BA74-94E38D5FDDD3}.Debug|Any CPU.ActiveCfg = Debug|Any CPU
		{CE456648-8280-4628-BA74-94E38D5FDDD3}.Debug|Any CPU.Build.0 = Debug|Any CPU
		{CE456648-8280-4628-BA74-94E38D5FDDD3}.Release|Any CPU.ActiveCfg = Release|Any CPU
		{CE456648-8280-4628-BA74-94E38D5FDDD3}.Release|Any CPU.Build.0 = Release|Any CPU
		{DBDAB4EC-E20D-43A5-8931-A5AE5E511334}.Debug|Any CPU.ActiveCfg = Debug|Any CPU
		{DBDAB4EC-E20D-43A5-8931-A5AE5E511334}.Debug|Any CPU.Build.0 = Debug|Any CPU
		{DBDAB4EC-E20D-43A5-8931-A5AE5E511334}.Release|Any CPU.ActiveCfg = Release|Any CPU
		{DBDAB4EC-E20D-43A5-8931-A5AE5E511334}.Release|Any CPU.Build.0 = Release|Any CPU
		{83F22603-960B-48B1-ABC3-58CF0F480E71}.Debug|Any CPU.ActiveCfg = Debug|Any CPU
		{83F22603-960B-48B1-ABC3-58CF0F480E71}.Debug|Any CPU.Build.0 = Debug|Any CPU
		{83F22603-960B-48B1-ABC3-58CF0F480E71}.Release|Any CPU.ActiveCfg = Release|Any CPU
		{83F22603-960B-48B1-ABC3-58CF0F480E71}.Release|Any CPU.Build.0 = Release|Any CPU
		{BC5A5BCF-CF22-48A9-810F-68FAF9889AE5}.Debug|Any CPU.ActiveCfg = Debug|Any CPU
		{BC5A5BCF-CF22-48A9-810F-68FAF9889AE5}.Debug|Any CPU.Build.0 = Debug|Any CPU
		{BC5A5BCF-CF22-48A9-810F-68FAF9889AE5}.Release|Any CPU.ActiveCfg = Release|Any CPU
		{BC5A5BCF-CF22-48A9-810F-68FAF9889AE5}.Release|Any CPU.Build.0 = Release|Any CPU
		{5C01FD6C-1FC8-44B0-8FD4-B95A3AB39187}.Debug|Any CPU.ActiveCfg = Debug|Any CPU
		{5C01FD6C-1FC8-44B0-8FD4-B95A3AB39187}.Debug|Any CPU.Build.0 = Debug|Any CPU
		{5C01FD6C-1FC8-44B0-8FD4-B95A3AB39187}.Release|Any CPU.ActiveCfg = Release|Any CPU
		{5C01FD6C-1FC8-44B0-8FD4-B95A3AB39187}.Release|Any CPU.Build.0 = Release|Any CPU
		{87B48E59-67DE-4AC0-BE1A-B5ADE14D576A}.Debug|Any CPU.ActiveCfg = Debug|Any CPU
		{87B48E59-67DE-4AC0-BE1A-B5ADE14D576A}.Debug|Any CPU.Build.0 = Debug|Any CPU
		{87B48E59-67DE-4AC0-BE1A-B5ADE14D576A}.Release|Any CPU.ActiveCfg = Release|Any CPU
		{87B48E59-67DE-4AC0-BE1A-B5ADE14D576A}.Release|Any CPU.Build.0 = Release|Any CPU
		{38512048-B676-44C4-9252-386BA6FE77F2}.Debug|Any CPU.ActiveCfg = Debug|Any CPU
		{38512048-B676-44C4-9252-386BA6FE77F2}.Debug|Any CPU.Build.0 = Debug|Any CPU
		{38512048-B676-44C4-9252-386BA6FE77F2}.Release|Any CPU.ActiveCfg = Release|Any CPU
		{38512048-B676-44C4-9252-386BA6FE77F2}.Release|Any CPU.Build.0 = Release|Any CPU
		{34939E3F-3964-49B4-AF86-5EFABB154520}.Debug|Any CPU.ActiveCfg = Debug|Any CPU
		{34939E3F-3964-49B4-AF86-5EFABB154520}.Debug|Any CPU.Build.0 = Debug|Any CPU
		{34939E3F-3964-49B4-AF86-5EFABB154520}.Release|Any CPU.ActiveCfg = Release|Any CPU
		{34939E3F-3964-49B4-AF86-5EFABB154520}.Release|Any CPU.Build.0 = Release|Any CPU
		{86C91CF0-8223-4B18-A789-CF05D463D968}.Debug|Any CPU.ActiveCfg = Debug|Any CPU
		{86C91CF0-8223-4B18-A789-CF05D463D968}.Debug|Any CPU.Build.0 = Debug|Any CPU
		{86C91CF0-8223-4B18-A789-CF05D463D968}.Release|Any CPU.ActiveCfg = Release|Any CPU
		{86C91CF0-8223-4B18-A789-CF05D463D968}.Release|Any CPU.Build.0 = Release|Any CPU
	EndGlobalSection
	GlobalSection(SolutionProperties) = preSolution
		HideSolutionNode = FALSE
	EndGlobalSection
	GlobalSection(NestedProjects) = preSolution
		{DCF387B5-99F3-4079-ADBA-978CD77A6D8A} = {BB9B4FF0-9E04-40DE-B600-36E31E9FC56E}
		{292F852E-C96A-476D-A8B8-9ED26457227E} = {BB9B4FF0-9E04-40DE-B600-36E31E9FC56E}
		{E2E83ED1-C45F-479A-8A9B-11F78384588B} = {7A6FCD9A-CEA4-4422-9B17-7B003D798421}
		{FD0D86F8-5D20-4E03-9452-470106A12968} = {7A6FCD9A-CEA4-4422-9B17-7B003D798421}
		{CE456648-8280-4628-BA74-94E38D5FDDD3} = {C04CA973-4F34-42A1-B384-2AC162BE4C9F}
		{DBDAB4EC-E20D-43A5-8931-A5AE5E511334} = {F193D903-24B4-407D-8120-0DD1694B54FF}
		{83F22603-960B-48B1-ABC3-58CF0F480E71} = {F193D903-24B4-407D-8120-0DD1694B54FF}
		{BB9B4FF0-9E04-40DE-B600-36E31E9FC56E} = {1B10B159-DDA0-4C50-A99C-677EEC117461}
		{7A6FCD9A-CEA4-4422-9B17-7B003D798421} = {1B10B159-DDA0-4C50-A99C-677EEC117461}
		{F193D903-24B4-407D-8120-0DD1694B54FF} = {1B10B159-DDA0-4C50-A99C-677EEC117461}
		{C04CA973-4F34-42A1-B384-2AC162BE4C9F} = {1B10B159-DDA0-4C50-A99C-677EEC117461}
		{5C01FD6C-1FC8-44B0-8FD4-B95A3AB39187} = {B80BEE54-62B0-4AE0-9D2A-FDB5BF9C4D55}
		{B80BEE54-62B0-4AE0-9D2A-FDB5BF9C4D55} = {1B10B159-DDA0-4C50-A99C-677EEC117461}
		{B928AF97-18B9-4B4D-B443-BC682C056A41} = {1B10B159-DDA0-4C50-A99C-677EEC117461}
		{87B48E59-67DE-4AC0-BE1A-B5ADE14D576A} = {B928AF97-18B9-4B4D-B443-BC682C056A41}
		{3667C627-8437-4AF3-BF9E-3ED85E151C99} = {1B10B159-DDA0-4C50-A99C-677EEC117461}
		{38512048-B676-44C4-9252-386BA6FE77F2} = {3667C627-8437-4AF3-BF9E-3ED85E151C99}
		{0C0278CB-7099-45A2-9381-177B491D55B0} = {1B10B159-DDA0-4C50-A99C-677EEC117461}
		{34939E3F-3964-49B4-AF86-5EFABB154520} = {0C0278CB-7099-45A2-9381-177B491D55B0}
		{86C91CF0-8223-4B18-A789-CF05D463D968} = {0C0278CB-7099-45A2-9381-177B491D55B0}
	EndGlobalSection
	GlobalSection(ExtensibilityGlobals) = postSolution
		SolutionGuid = {9058BE53-B3BF-44CC-A700-2CD49D0359FD}
	EndGlobalSection
EndGlobal
